# THIS IS AN AUTOGENERATED FILE. DO NOT EDIT THIS FILE DIRECTLY.
# yarn lockfile v1


"@shikijs/core@1.1.7":
  version "1.1.7"
  resolved "https://registry.yarnpkg.com/@shikijs/core/-/core-1.1.7.tgz#560de8d503ace894e36934f1e680762ed51ea394"
  integrity sha512-gTYLUIuD1UbZp/11qozD3fWpUTuMqPSf3svDMMrL0UmlGU7D9dPw/V1FonwAorCUJBltaaESxq90jrSjQyGixg==

shiki@^1.1.7:
  version "1.1.7"
  resolved "https://registry.yarnpkg.com/shiki/-/shiki-1.1.7.tgz#270f7830b4d08bdf6b63eb97ef93e06c7af604de"
  integrity sha512-9kUTMjZtcPH3i7vHunA6EraTPpPOITYTdA5uMrvsJRexktqP0s7P3s9HVK80b4pP42FRVe03D7fT3NmJv2yYhw==
  dependencies:
    "@shikijs/core" "1.1.7"
